
Microsoft Visual Studio Solution File, Format Version 12.00
# Visual Studio Version 17
VisualStudioVersion = 17.6.33723.286
MinimumVisualStudioVersion = 10.0.40219.1
Project("{9A19103F-16F7-4668-BE54-9A1E7A4F7556}") = "FoodControl", "FoodControl\FoodControl.csproj", "{370D8108-BDC8-4857-952E-EBF589ADBC72}"
EndProject
Global
	GlobalSection(SolutionConfigurationPlatforms) = preSolution
		Debug|Any CPU = Debug|Any CPU
		Release|Any CPU = Release|Any CPU
	EndGlobalSection
	GlobalSection(ProjectConfigurationPlatforms) = postSolution
		{370D8108-BDC8-4857-952E-EBF589ADBC72}.Debug|Any CPU.ActiveCfg = Debug|Any CPU
		{370D8108-BDC8-4857-952E-EBF589ADBC72}.Debug|Any CPU.Build.0 = Debug|Any CPU
		{370D8108-BDC8-4857-952E-EBF589ADBC72}.Release|Any CPU.ActiveCfg = Release|Any CPU
		{370D8108-BDC8-4857-952E-EBF589ADBC72}.Release|Any CPU.Build.0 = Release|Any CPU
	EndGlobalSection
	GlobalSection(SolutionProperties) = preSolution
		HideSolutionNode = FALSE
	EndGlobalSection
	GlobalSection(ExtensibilityGlobals) = postSolution
		SolutionGuid = {C4D885F9-5FAA-4193-9040-4DF931CB44B8}
	EndGlobalSection
EndGlobal
